// !$*UTF8*$!
{
	archiveVersion = 1;
	classes = {
	};
	objectVersion = 51;
	objects = {

/* Begin PBXBuildFile section */
		5DFB04F727F4816D00E5D8B7 /* AppConfigSetViewController.m in Sources */ = {isa = PBXBuildFile; fileRef = 5DFB04F627F4816D00E5D8B7 /* AppConfigSetViewController.m */; };
		5DFB04FA27F4908100E5D8B7 /* BleServiceConfigViewController.m in Sources */ = {isa = PBXBuildFile; fileRef = 5DFB04F927F4908100E5D8B7 /* BleServiceConfigViewController.m */; };
		688F055A08CABB3B305CAD24 /* Pods_HJBleDemo.framework in Frameworks */ = {isa = PBXBuildFile; fileRef = C86EE3FBCA8D96FE7A24D198 /* Pods_HJBleDemo.framework */; };
		E944B39122E73A79007A358B /* SetViewController.m in Sources */ = {isa = PBXBuildFile; fileRef = E944B39022E73A78007A358B /* SetViewController.m */; };
		E944B39922E74340007A358B /* PopoverAction.m in Sources */ = {isa = PBXBuildFile; fileRef = E944B39622E74340007A358B /* PopoverAction.m */; };
		E944B39A22E74340007A358B /* PopoverView.m in Sources */ = {isa = PBXBuildFile; fileRef = E944B39722E74340007A358B /* PopoverView.m */; };
		E944B39B22E74340007A358B /* PopoverViewCell.m in Sources */ = {isa = PBXBuildFile; fileRef = E944B39822E74340007A358B /* PopoverViewCell.m */; };
		E96BC9B724283C0700F5888A /* WWAlertView.m in Sources */ = {isa = PBXBuildFile; fileRef = E96BC9B624283C0700F5888A /* WWAlertView.m */; };
		E9B031D8241A59C7002E35F4 /* HJScanTableViewCell.m in Sources */ = {isa = PBXBuildFile; fileRef = E9B031D7241A59C7002E35F4 /* HJScanTableViewCell.m */; };
		E9E118B222E49B5F00657309 /* AppDelegate.m in Sources */ = {isa = PBXBuildFile; fileRef = E9E118B122E49B5F00657309 /* AppDelegate.m */; };
		E9E118BA22E49B6000657309 /* Assets.xcassets in Resources */ = {isa = PBXBuildFile; fileRef = E9E118B922E49B6000657309 /* Assets.xcassets */; };
		E9E118BD22E49B6000657309 /* LaunchScreen.storyboard in Resources */ = {isa = PBXBuildFile; fileRef = E9E118BB22E49B6000657309 /* LaunchScreen.storyboard */; };
		E9E118C022E49B6000657309 /* main.m in Sources */ = {isa = PBXBuildFile; fileRef = E9E118BF22E49B6000657309 /* main.m */; };
		E9E118C722E49B7200657309 /* Podfile in Resources */ = {isa = PBXBuildFile; fileRef = E9E118C622E49B7200657309 /* Podfile */; };
		E9E118F422E49E6C00657309 /* ScanViewController.m in Sources */ = {isa = PBXBuildFile; fileRef = E9E118CB22E49E6B00657309 /* ScanViewController.m */; };
		E9E118F522E49E6C00657309 /* BleViewController.m in Sources */ = {isa = PBXBuildFile; fileRef = E9E118CC22E49E6B00657309 /* BleViewController.m */; };
		E9E118F622E49E6C00657309 /* BleSendReceiveData.m in Sources */ = {isa = PBXBuildFile; fileRef = E9E118D122E49E6B00657309 /* BleSendReceiveData.m */; };
		E9E118F722E49E6C00657309 /* HJBleScanData.m in Sources */ = {isa = PBXBuildFile; fileRef = E9E118D322E49E6B00657309 /* HJBleScanData.m */; };
		E9E118F822E49E6C00657309 /* BleSendReceiveTableViewCell.m in Sources */ = {isa = PBXBuildFile; fileRef = E9E118D622E49E6B00657309 /* BleSendReceiveTableViewCell.m */; };
		E9E118F922E49E6C00657309 /* XHMessageTextView.m in Sources */ = {isa = PBXBuildFile; fileRef = E9E118DA22E49E6C00657309 /* XHMessageTextView.m */; };
		E9E118FA22E49E6C00657309 /* FacialView.m in Sources */ = {isa = PBXBuildFile; fileRef = E9E118DF22E49E6C00657309 /* FacialView.m */; };
		E9E118FB22E49E6C00657309 /* DXFaceView.m in Sources */ = {isa = PBXBuildFile; fileRef = E9E118E022E49E6C00657309 /* DXFaceView.m */; };
		E9E118FC22E49E6C00657309 /* chatBar_moreSelected.png in Resources */ = {isa = PBXBuildFile; fileRef = E9E118E422E49E6C00657309 /* chatBar_moreSelected.png */; };
		E9E118FD22E49E6C00657309 /* chatBar_more@3x.png in Resources */ = {isa = PBXBuildFile; fileRef = E9E118E522E49E6C00657309 /* chatBar_more@3x.png */; };
		E9E118FE22E49E6C00657309 /* chatBar_more@2x.png in Resources */ = {isa = PBXBuildFile; fileRef = E9E118E622E49E6C00657309 /* chatBar_more@2x.png */; };
		E9E118FF22E49E6C00657309 /* chatBar_moreSelected@3x.png in Resources */ = {isa = PBXBuildFile; fileRef = E9E118E722E49E6C00657309 /* chatBar_moreSelected@3x.png */; };
		E9E1190022E49E6C00657309 /* netAddressBackspace@3x.png in Resources */ = {isa = PBXBuildFile; fileRef = E9E118E822E49E6C00657309 /* netAddressBackspace@3x.png */; };
		E9E1190122E49E6C00657309 /* chatBar_keyboard.png in Resources */ = {isa = PBXBuildFile; fileRef = E9E118E922E49E6C00657309 /* chatBar_keyboard.png */; };
		E9E1190222E49E6C00657309 /* chatBar_keyboardSelected.png in Resources */ = {isa = PBXBuildFile; fileRef = E9E118EA22E49E6C00657309 /* chatBar_keyboardSelected.png */; };
		E9E1190322E49E6C00657309 /* chatBar_keyboardSelected@2x.png in Resources */ = {isa = PBXBuildFile; fileRef = E9E118EB22E49E6C00657309 /* chatBar_keyboardSelected@2x.png */; };
		E9E1190422E49E6C00657309 /* chatBar_keyboardSelected@3x.png in Resources */ = {isa = PBXBuildFile; fileRef = E9E118EC22E49E6C00657309 /* chatBar_keyboardSelected@3x.png */; };
		E9E1190522E49E6C00657309 /* netAddressBackspace@2x.png in Resources */ = {isa = PBXBuildFile; fileRef = E9E118ED22E49E6C00657309 /* netAddressBackspace@2x.png */; };
		E9E1190622E49E6C00657309 /* chatBar_moreSelected@2x.png in Resources */ = {isa = PBXBuildFile; fileRef = E9E118EE22E49E6C00657309 /* chatBar_moreSelected@2x.png */; };
		E9E1190722E49E6C00657309 /* chatBar_keyboard@2x.png in Resources */ = {isa = PBXBuildFile; fileRef = E9E118EF22E49E6C00657309 /* chatBar_keyboard@2x.png */; };
		E9E1190822E49E6C00657309 /* chatBar_more.png in Resources */ = {isa = PBXBuildFile; fileRef = E9E118F022E49E6C00657309 /* chatBar_more.png */; };
		E9E1190922E49E6C00657309 /* chatBar_keyboard@3x.png in Resources */ = {isa = PBXBuildFile; fileRef = E9E118F122E49E6C00657309 /* chatBar_keyboard@3x.png */; };
		E9E1190A22E49E6C00657309 /* DXMessageToolBar.m in Sources */ = {isa = PBXBuildFile; fileRef = E9E118F222E49E6C00657309 /* DXMessageToolBar.m */; };
		E9E1190E22E49FE700657309 /* HJConfigInfo.m in Sources */ = {isa = PBXBuildFile; fileRef = E9E1190D22E49FE700657309 /* HJConfigInfo.m */; };
/* End PBXBuildFile section */

/* Begin PBXFileReference section */
		1117F08FFA5E0EA3524D2163 /* Pods-HJBleDemo.release.xcconfig */ = {isa = PBXFileReference; includeInIndex = 1; lastKnownFileType = text.xcconfig; name = "Pods-HJBleDemo.release.xcconfig"; path = "Target Support Files/Pods-HJBleDemo/Pods-HJBleDemo.release.xcconfig"; sourceTree = "<group>"; };
		5D08C6A126FEE3C300CB14CC /* HJBleDemo.entitlements */ = {isa = PBXFileReference; lastKnownFileType = text.plist.entitlements; path = HJBleDemo.entitlements; sourceTree = "<group>"; };
		5DFB04F527F4816D00E5D8B7 /* AppConfigSetViewController.h */ = {isa = PBXFileReference; lastKnownFileType = sourcecode.c.h; path = AppConfigSetViewController.h; sourceTree = "<group>"; };
		5DFB04F627F4816D00E5D8B7 /* AppConfigSetViewController.m */ = {isa = PBXFileReference; lastKnownFileType = sourcecode.c.objc; path = AppConfigSetViewController.m; sourceTree = "<group>"; };
		5DFB04F827F4908100E5D8B7 /* BleServiceConfigViewController.h */ = {isa = PBXFileReference; lastKnownFileType = sourcecode.c.h; path = BleServiceConfigViewController.h; sourceTree = "<group>"; };
		5DFB04F927F4908100E5D8B7 /* BleServiceConfigViewController.m */ = {isa = PBXFileReference; lastKnownFileType = sourcecode.c.objc; path = BleServiceConfigViewController.m; sourceTree = "<group>"; };
		C86EE3FBCA8D96FE7A24D198 /* Pods_HJBleDemo.framework */ = {isa = PBXFileReference; explicitFileType = wrapper.framework; includeInIndex = 0; path = Pods_HJBleDemo.framework; sourceTree = BUILT_PRODUCTS_DIR; };
		E944B38F22E73A78007A358B /* SetViewController.h */ = {isa = PBXFileReference; lastKnownFileType = sourcecode.c.h; path = SetViewController.h; sourceTree = "<group>"; };
		E944B39022E73A78007A358B /* SetViewController.m */ = {isa = PBXFileReference; lastKnownFileType = sourcecode.c.objc; path = SetViewController.m; sourceTree = "<group>"; };
		E944B39322E7433F007A358B /* PopoverView.h */ = {isa = PBXFileReference; fileEncoding = 4; lastKnownFileType = sourcecode.c.h; path = PopoverView.h; sourceTree = "<group>"; };
		E944B39422E7433F007A358B /* PopoverViewCell.h */ = {isa = PBXFileReference; fileEncoding = 4; lastKnownFileType = sourcecode.c.h; path = PopoverViewCell.h; sourceTree = "<group>"; };
		E944B39522E74340007A358B /* PopoverAction.h */ = {isa = PBXFileReference; fileEncoding = 4; lastKnownFileType = sourcecode.c.h; path = PopoverAction.h; sourceTree = "<group>"; };
		E944B39622E74340007A358B /* PopoverAction.m */ = {isa = PBXFileReference; fileEncoding = 4; lastKnownFileType = sourcecode.c.objc; path = PopoverAction.m; sourceTree = "<group>"; };
		E944B39722E74340007A358B /* PopoverView.m */ = {isa = PBXFileReference; fileEncoding = 4; lastKnownFileType = sourcecode.c.objc; path = PopoverView.m; sourceTree = "<group>"; };
		E944B39822E74340007A358B /* PopoverViewCell.m */ = {isa = PBXFileReference; fileEncoding = 4; lastKnownFileType = sourcecode.c.objc; path = PopoverViewCell.m; sourceTree = "<group>"; };
		E96BC9B524283C0700F5888A /* WWAlertView.h */ = {isa = PBXFileReference; fileEncoding = 4; lastKnownFileType = sourcecode.c.h; path = WWAlertView.h; sourceTree = "<group>"; };
		E96BC9B624283C0700F5888A /* WWAlertView.m */ = {isa = PBXFileReference; fileEncoding = 4; lastKnownFileType = sourcecode.c.objc; path = WWAlertView.m; sourceTree = "<group>"; };
		E9B031D6241A59C7002E35F4 /* HJScanTableViewCell.h */ = {isa = PBXFileReference; lastKnownFileType = sourcecode.c.h; path = HJScanTableViewCell.h; sourceTree = "<group>"; };
		E9B031D7241A59C7002E35F4 /* HJScanTableViewCell.m */ = {isa = PBXFileReference; lastKnownFileType = sourcecode.c.objc; path = HJScanTableViewCell.m; sourceTree = "<group>"; };
		E9E118AD22E49B5F00657309 /* HJBle.app */ = {isa = PBXFileReference; explicitFileType = wrapper.application; includeInIndex = 0; path = HJBle.app; sourceTree = BUILT_PRODUCTS_DIR; };
		E9E118B022E49B5F00657309 /* AppDelegate.h */ = {isa = PBXFileReference; lastKnownFileType = sourcecode.c.h; path = AppDelegate.h; sourceTree = "<group>"; };
		E9E118B122E49B5F00657309 /* AppDelegate.m */ = {isa = PBXFileReference; lastKnownFileType = sourcecode.c.objc; path = AppDelegate.m; sourceTree = "<group>"; };
		E9E118B922E49B6000657309 /* Assets.xcassets */ = {isa = PBXFileReference; lastKnownFileType = folder.assetcatalog; path = Assets.xcassets; sourceTree = "<group>"; };
		E9E118BC22E49B6000657309 /* Base */ = {isa = PBXFileReference; lastKnownFileType = file.storyboard; name = Base; path = Base.lproj/LaunchScreen.storyboard; sourceTree = "<group>"; };
		E9E118BE22E49B6000657309 /* Info.plist */ = {isa = PBXFileReference; lastKnownFileType = text.plist.xml; path = Info.plist; sourceTree = "<group>"; };
		E9E118BF22E49B6000657309 /* main.m */ = {isa = PBXFileReference; lastKnownFileType = sourcecode.c.objc; path = main.m; sourceTree = "<group>"; };
		E9E118C622E49B7200657309 /* Podfile */ = {isa = PBXFileReference; lastKnownFileType = text; path = Podfile; sourceTree = "<group>"; xcLanguageSpecificationIdentifier = xcode.lang.ruby; };
		E9E118CB22E49E6B00657309 /* ScanViewController.m */ = {isa = PBXFileReference; fileEncoding = 4; lastKnownFileType = sourcecode.c.objc; path = ScanViewController.m; sourceTree = "<group>"; };
		E9E118CC22E49E6B00657309 /* BleViewController.m */ = {isa = PBXFileReference; fileEncoding = 4; lastKnownFileType = sourcecode.c.objc; path = BleViewController.m; sourceTree = "<group>"; };
		E9E118CE22E49E6B00657309 /* ScanViewController.h */ = {isa = PBXFileReference; fileEncoding = 4; lastKnownFileType = sourcecode.c.h; path = ScanViewController.h; sourceTree = "<group>"; };
		E9E118CF22E49E6B00657309 /* BleViewController.h */ = {isa = PBXFileReference; fileEncoding = 4; lastKnownFileType = sourcecode.c.h; path = BleViewController.h; sourceTree = "<group>"; };
		E9E118D122E49E6B00657309 /* BleSendReceiveData.m */ = {isa = PBXFileReference; fileEncoding = 4; lastKnownFileType = sourcecode.c.objc; path = BleSendReceiveData.m; sourceTree = "<group>"; };
		E9E118D222E49E6B00657309 /* HJBleScanData.h */ = {isa = PBXFileReference; fileEncoding = 4; lastKnownFileType = sourcecode.c.h; path = HJBleScanData.h; sourceTree = "<group>"; };
		E9E118D322E49E6B00657309 /* HJBleScanData.m */ = {isa = PBXFileReference; fileEncoding = 4; lastKnownFileType = sourcecode.c.objc; path = HJBleScanData.m; sourceTree = "<group>"; };
		E9E118D422E49E6B00657309 /* BleSendReceiveData.h */ = {isa = PBXFileReference; fileEncoding = 4; lastKnownFileType = sourcecode.c.h; path = BleSendReceiveData.h; sourceTree = "<group>"; };
		E9E118D622E49E6B00657309 /* BleSendReceiveTableViewCell.m */ = {isa = PBXFileReference; fileEncoding = 4; lastKnownFileType = sourcecode.c.objc; path = BleSendReceiveTableViewCell.m; sourceTree = "<group>"; };
		E9E118D722E49E6B00657309 /* BleSendReceiveTableViewCell.h */ = {isa = PBXFileReference; fileEncoding = 4; lastKnownFileType = sourcecode.c.h; path = BleSendReceiveTableViewCell.h; sourceTree = "<group>"; };
		E9E118DA22E49E6C00657309 /* XHMessageTextView.m */ = {isa = PBXFileReference; fileEncoding = 4; lastKnownFileType = sourcecode.c.objc; path = XHMessageTextView.m; sourceTree = "<group>"; };
		E9E118DB22E49E6C00657309 /* DXMessageToolBar.h */ = {isa = PBXFileReference; fileEncoding = 4; lastKnownFileType = sourcecode.c.h; path = DXMessageToolBar.h; sourceTree = "<group>"; };
		E9E118DC22E49E6C00657309 /* XHMessageTextView.h */ = {isa = PBXFileReference; fileEncoding = 4; lastKnownFileType = sourcecode.c.h; path = XHMessageTextView.h; sourceTree = "<group>"; };
		E9E118DF22E49E6C00657309 /* FacialView.m */ = {isa = PBXFileReference; fileEncoding = 4; lastKnownFileType = sourcecode.c.objc; path = FacialView.m; sourceTree = "<group>"; };
		E9E118E022E49E6C00657309 /* DXFaceView.m */ = {isa = PBXFileReference; fileEncoding = 4; lastKnownFileType = sourcecode.c.objc; path = DXFaceView.m; sourceTree = "<group>"; };
		E9E118E122E49E6C00657309 /* FacialView.h */ = {isa = PBXFileReference; fileEncoding = 4; lastKnownFileType = sourcecode.c.h; path = FacialView.h; sourceTree = "<group>"; };
		E9E118E222E49E6C00657309 /* DXFaceView.h */ = {isa = PBXFileReference; fileEncoding = 4; lastKnownFileType = sourcecode.c.h; path = DXFaceView.h; sourceTree = "<group>"; };
		E9E118E422E49E6C00657309 /* chatBar_moreSelected.png */ = {isa = PBXFileReference; lastKnownFileType = image.png; path = chatBar_moreSelected.png; sourceTree = "<group>"; };
		E9E118E522E49E6C00657309 /* chatBar_more@3x.png */ = {isa = PBXFileReference; lastKnownFileType = image.png; path = "chatBar_more@3x.png"; sourceTree = "<group>"; };
		E9E118E622E49E6C00657309 /* chatBar_more@2x.png */ = {isa = PBXFileReference; lastKnownFileType = image.png; path = "chatBar_more@2x.png"; sourceTree = "<group>"; };
		E9E118E722E49E6C00657309 /* chatBar_moreSelected@3x.png */ = {isa = PBXFileReference; lastKnownFileType = image.png; path = "chatBar_moreSelected@3x.png"; sourceTree = "<group>"; };
		E9E118E822E49E6C00657309 /* netAddressBackspace@3x.png */ = {isa = PBXFileReference; lastKnownFileType = image.png; path = "netAddressBackspace@3x.png"; sourceTree = "<group>"; };
		E9E118E922E49E6C00657309 /* chatBar_keyboard.png */ = {isa = PBXFileReference; lastKnownFileType = image.png; path = chatBar_keyboard.png; sourceTree = "<group>"; };
		E9E118EA22E49E6C00657309 /* chatBar_keyboardSelected.png */ = {isa = PBXFileReference; lastKnownFileType = image.png; path = chatBar_keyboardSelected.png; sourceTree = "<group>"; };
		E9E118EB22E49E6C00657309 /* chatBar_keyboardSelected@2x.png */ = {isa = PBXFileReference; lastKnownFileType = image.png; path = "chatBar_keyboardSelected@2x.png"; sourceTree = "<group>"; };
		E9E118EC22E49E6C00657309 /* chatBar_keyboardSelected@3x.png */ = {isa = PBXFileReference; lastKnownFileType = image.png; path = "chatBar_keyboardSelected@3x.png"; sourceTree = "<group>"; };
		E9E118ED22E49E6C00657309 /* netAddressBackspace@2x.png */ = {isa = PBXFileReference; lastKnownFileType = image.png; path = "netAddressBackspace@2x.png"; sourceTree = "<group>"; };
		E9E118EE22E49E6C00657309 /* chatBar_moreSelected@2x.png */ = {isa = PBXFileReference; lastKnownFileType = image.png; path = "chatBar_moreSelected@2x.png"; sourceTree = "<group>"; };
		E9E118EF22E49E6C00657309 /* chatBar_keyboard@2x.png */ = {isa = PBXFileReference; lastKnownFileType = image.png; path = "chatBar_keyboard@2x.png"; sourceTree = "<group>"; };
		E9E118F022E49E6C00657309 /* chatBar_more.png */ = {isa = PBXFileReference; lastKnownFileType = image.png; path = chatBar_more.png; sourceTree = "<group>"; };
		E9E118F122E49E6C00657309 /* chatBar_keyboard@3x.png */ = {isa = PBXFileReference; lastKnownFileType = image.png; path = "chatBar_keyboard@3x.png"; sourceTree = "<group>"; };
		E9E118F222E49E6C00657309 /* DXMessageToolBar.m */ = {isa = PBXFileReference; fileEncoding = 4; lastKnownFileType = sourcecode.c.objc; path = DXMessageToolBar.m; sourceTree = "<group>"; };
		E9E1190C22E49FE700657309 /* HJConfigInfo.h */ = {isa = PBXFileReference; fileEncoding = 4; lastKnownFileType = sourcecode.c.h; path = HJConfigInfo.h; sourceTree = "<group>"; };
		E9E1190D22E49FE700657309 /* HJConfigInfo.m */ = {isa = PBXFileReference; fileEncoding = 4; lastKnownFileType = sourcecode.c.objc; path = HJConfigInfo.m; sourceTree = "<group>"; };
		F7D9B5BDF994AC2421779CE9 /* Pods-HJBleDemo.debug.xcconfig */ = {isa = PBXFileReference; includeInIndex = 1; lastKnownFileType = text.xcconfig; name = "Pods-HJBleDemo.debug.xcconfig"; path = "Target Support Files/Pods-HJBleDemo/Pods-HJBleDemo.debug.xcconfig"; sourceTree = "<group>"; };
/* End PBXFileReference section */

/* Begin PBXFrameworksBuildPhase section */
		E9E118AA22E49B5F00657309 /* Frameworks */ = {
			isa = PBXFrameworksBuildPhase;
			buildActionMask = 2147483647;
			files = (
				688F055A08CABB3B305CAD24 /* Pods_HJBleDemo.framework in Frameworks */,
			);
			runOnlyForDeploymentPostprocessing = 0;
		};
/* End PBXFrameworksBuildPhase section */

/* Begin PBXGroup section */
		D018F4A734BAFA8D6DA7323E /* Frameworks */ = {
			isa = PBXGroup;
			children = (
				C86EE3FBCA8D96FE7A24D198 /* Pods_HJBleDemo.framework */,
			);
			name = Frameworks;
			sourceTree = "<group>";
		};
		DBE39602E167FD6F2653BDDB /* Pods */ = {
			isa = PBXGroup;
			children = (
				F7D9B5BDF994AC2421779CE9 /* Pods-HJBleDemo.debug.xcconfig */,
				1117F08FFA5E0EA3524D2163 /* Pods-HJBleDemo.release.xcconfig */,
			);
			path = Pods;
			sourceTree = "<group>";
		};
		E944B39222E7433F007A358B /* PopoverView */ = {
			isa = PBXGroup;
			children = (
				E944B39322E7433F007A358B /* PopoverView.h */,
				E944B39722E74340007A358B /* PopoverView.m */,
				E944B39422E7433F007A358B /* PopoverViewCell.h */,
				E944B39822E74340007A358B /* PopoverViewCell.m */,
				E944B39522E74340007A358B /* PopoverAction.h */,
				E944B39622E74340007A358B /* PopoverAction.m */,
			);
			path = PopoverView;
			sourceTree = "<group>";
		};
		E96BC9B424283C0700F5888A /* WWAlertView */ = {
			isa = PBXGroup;
			children = (
				E96BC9B524283C0700F5888A /* WWAlertView.h */,
				E96BC9B624283C0700F5888A /* WWAlertView.m */,
			);
			path = WWAlertView;
			sourceTree = "<group>";
		};
		E9E118A422E49B5F00657309 = {
			isa = PBXGroup;
			children = (
				E9E118C622E49B7200657309 /* Podfile */,
				E9E118AF22E49B5F00657309 /* HJBleDemo */,
				E9E118AE22E49B5F00657309 /* Products */,
				DBE39602E167FD6F2653BDDB /* Pods */,
				D018F4A734BAFA8D6DA7323E /* Frameworks */,
			);
			sourceTree = "<group>";
		};
		E9E118AE22E49B5F00657309 /* Products */ = {
			isa = PBXGroup;
			children = (
				E9E118AD22E49B5F00657309 /* HJBle.app */,
			);
			name = Products;
			sourceTree = "<group>";
		};
		E9E118AF22E49B5F00657309 /* HJBleDemo */ = {
			isa = PBXGroup;
			children = (
				5D08C6A126FEE3C300CB14CC /* HJBleDemo.entitlements */,
				E9E1190B22E49FE700657309 /* config */,
				E9E118D822E49E6C00657309 /* 3rdparth */,
				E9E118C822E49E6B00657309 /* Home */,
				E9E118B022E49B5F00657309 /* AppDelegate.h */,
				E9E118B122E49B5F00657309 /* AppDelegate.m */,
				E9E118B922E49B6000657309 /* Assets.xcassets */,
				E9E118BB22E49B6000657309 /* LaunchScreen.storyboard */,
				E9E118BE22E49B6000657309 /* Info.plist */,
				E9E118BF22E49B6000657309 /* main.m */,
			);
			path = HJBleDemo;
			sourceTree = "<group>";
		};
		E9E118C822E49E6B00657309 /* Home */ = {
			isa = PBXGroup;
			children = (
				E9E118C922E49E6B00657309 /* controller */,
				E9E118D022E49E6B00657309 /* model */,
				E9E118D522E49E6B00657309 /* view */,
			);
			path = Home;
			sourceTree = "<group>";
		};
		E9E118C922E49E6B00657309 /* controller */ = {
			isa = PBXGroup;
			children = (
				E9E118CE22E49E6B00657309 /* ScanViewController.h */,
				E9E118CB22E49E6B00657309 /* ScanViewController.m */,
				E9E118CF22E49E6B00657309 /* BleViewController.h */,
				E9E118CC22E49E6B00657309 /* BleViewController.m */,
				E944B38F22E73A78007A358B /* SetViewController.h */,
				E944B39022E73A78007A358B /* SetViewController.m */,
				5DFB04F527F4816D00E5D8B7 /* AppConfigSetViewController.h */,
				5DFB04F627F4816D00E5D8B7 /* AppConfigSetViewController.m */,
				5DFB04F827F4908100E5D8B7 /* BleServiceConfigViewController.h */,
				5DFB04F927F4908100E5D8B7 /* BleServiceConfigViewController.m */,
			);
			path = controller;
			sourceTree = "<group>";
		};
		E9E118D022E49E6B00657309 /* model */ = {
			isa = PBXGroup;
			children = (
				E9E118D222E49E6B00657309 /* HJBleScanData.h */,
				E9E118D322E49E6B00657309 /* HJBleScanData.m */,
				E9E118D422E49E6B00657309 /* BleSendReceiveData.h */,
				E9E118D122E49E6B00657309 /* BleSendReceiveData.m */,
			);
			path = model;
			sourceTree = "<group>";
		};
		E9E118D522E49E6B00657309 /* view */ = {
			isa = PBXGroup;
			children = (
				E9E118D722E49E6B00657309 /* BleSendReceiveTableViewCell.h */,
				E9E118D622E49E6B00657309 /* BleSendReceiveTableViewCell.m */,
				E9B031D6241A59C7002E35F4 /* HJScanTableViewCell.h */,
				E9B031D7241A59C7002E35F4 /* HJScanTableViewCell.m */,
			);
			path = view;
			sourceTree = "<group>";
		};
		E9E118D822E49E6C00657309 /* 3rdparth */ = {
			isa = PBXGroup;
			children = (
				E96BC9B424283C0700F5888A /* WWAlertView */,
				E944B39222E7433F007A358B /* PopoverView */,
				E9E118D922E49E6C00657309 /* MessageToolBar */,
			);
			path = 3rdparth;
			sourceTree = "<group>";
		};
		E9E118D922E49E6C00657309 /* MessageToolBar */ = {
			isa = PBXGroup;
			children = (
				E9E118DB22E49E6C00657309 /* DXMessageToolBar.h */,
				E9E118F222E49E6C00657309 /* DXMessageToolBar.m */,
				E9E118DD22E49E6C00657309 /* MessageToolBarBottomView */,
				E9E118E322E49E6C00657309 /* MessageToolbarImages */,
				E9E118DC22E49E6C00657309 /* XHMessageTextView.h */,
				E9E118DA22E49E6C00657309 /* XHMessageTextView.m */,
			);
			path = MessageToolBar;
			sourceTree = "<group>";
		};
		E9E118DD22E49E6C00657309 /* MessageToolBarBottomView */ = {
			isa = PBXGroup;
			children = (
				E9E118DE22E49E6C00657309 /* FaceView */,
			);
			path = MessageToolBarBottomView;
			sourceTree = "<group>";
		};
		E9E118DE22E49E6C00657309 /* FaceView */ = {
			isa = PBXGroup;
			children = (
				E9E118DF22E49E6C00657309 /* FacialView.m */,
				E9E118E022E49E6C00657309 /* DXFaceView.m */,
				E9E118E122E49E6C00657309 /* FacialView.h */,
				E9E118E222E49E6C00657309 /* DXFaceView.h */,
			);
			path = FaceView;
			sourceTree = "<group>";
		};
		E9E118E322E49E6C00657309 /* MessageToolbarImages */ = {
			isa = PBXGroup;
			children = (
				E9E118E422E49E6C00657309 /* chatBar_moreSelected.png */,
				E9E118E522E49E6C00657309 /* chatBar_more@3x.png */,
				E9E118E622E49E6C00657309 /* chatBar_more@2x.png */,
				E9E118E722E49E6C00657309 /* chatBar_moreSelected@3x.png */,
				E9E118E822E49E6C00657309 /* netAddressBackspace@3x.png */,
				E9E118E922E49E6C00657309 /* chatBar_keyboard.png */,
				E9E118EA22E49E6C00657309 /* chatBar_keyboardSelected.png */,
				E9E118EB22E49E6C00657309 /* chatBar_keyboardSelected@2x.png */,
				E9E118EC22E49E6C00657309 /* chatBar_keyboardSelected@3x.png */,
				E9E118ED22E49E6C00657309 /* netAddressBackspace@2x.png */,
				E9E118EE22E49E6C00657309 /* chatBar_moreSelected@2x.png */,
				E9E118EF22E49E6C00657309 /* chatBar_keyboard@2x.png */,
				E9E118F022E49E6C00657309 /* chatBar_more.png */,
				E9E118F122E49E6C00657309 /* chatBar_keyboard@3x.png */,
			);
			path = MessageToolbarImages;
			sourceTree = "<group>";
		};
		E9E1190B22E49FE700657309 /* config */ = {
			isa = PBXGroup;
			children = (
				E9E1190C22E49FE700657309 /* HJConfigInfo.h */,
				E9E1190D22E49FE700657309 /* HJConfigInfo.m */,
			);
			path = config;
			sourceTree = "<group>";
		};
/* End PBXGroup section */

/* Begin PBXNativeTarget section */
		E9E118AC22E49B5F00657309 /* HJBleDemo */ = {
			isa = PBXNativeTarget;
			buildConfigurationList = E9E118C322E49B6000657309 /* Build configuration list for PBXNativeTarget "HJBleDemo" */;
			buildPhases = (
				386E8139637E643BF0EAB01D /* [CP] Check Pods Manifest.lock */,
				E9E118A922E49B5F00657309 /* Sources */,
				E9E118AA22E49B5F00657309 /* Frameworks */,
				E9E118AB22E49B5F00657309 /* Resources */,
				1FFA7EFB5C3E9828E7113A0A /* [CP] Embed Pods Frameworks */,
			);
			buildRules = (
			);
			dependencies = (
			);
			name = HJBleDemo;
			productName = HJBleDemo;
			productReference = E9E118AD22E49B5F00657309 /* HJBle.app */;
			productType = "com.apple.product-type.application";
		};
/* End PBXNativeTarget section */

/* Begin PBXProject section */
		E9E118A522E49B5F00657309 /* Project object */ = {
			isa = PBXProject;
			attributes = {
				LastUpgradeCheck = 1240;
				ORGANIZATIONNAME = wuruizhi;
				TargetAttributes = {
					E9E118AC22E49B5F00657309 = {
						CreatedOnToolsVersion = 10.2.1;
					};
				};
			};
			buildConfigurationList = E9E118A822E49B5F00657309 /* Build configuration list for PBXProject "HJBleDemo" */;
			compatibilityVersion = "Xcode 9.3";
			developmentRegion = en;
			hasScannedForEncodings = 0;
			knownRegions = (
				en,
				Base,
			);
			mainGroup = E9E118A422E49B5F00657309;
			productRefGroup = E9E118AE22E49B5F00657309 /* Products */;
			projectDirPath = "";
			projectRoot = "";
			targets = (
				E9E118AC22E49B5F00657309 /* HJBleDemo */,
			);
		};
/* End PBXProject section */

/* Begin PBXResourcesBuildPhase section */
		E9E118AB22E49B5F00657309 /* Resources */ = {
			isa = PBXResourcesBuildPhase;
			buildActionMask = 2147483647;
			files = (
				E9E1190422E49E6C00657309 /* chatBar_keyboardSelected@3x.png in Resources */,
				E9E1190122E49E6C00657309 /* chatBar_keyboard.png in Resources */,
				E9E1190822E49E6C00657309 /* chatBar_more.png in Resources */,
				E9E118BD22E49B6000657309 /* LaunchScreen.storyboard in Resources */,
				E9E1190322E49E6C00657309 /* chatBar_keyboardSelected@2x.png in Resources */,
				E9E118FF22E49E6C00657309 /* chatBar_moreSelected@3x.png in Resources */,
				E9E1190022E49E6C00657309 /* netAddressBackspace@3x.png in Resources */,
				E9E118FE22E49E6C00657309 /* chatBar_more@2x.png in Resources */,
				E9E118FC22E49E6C00657309 /* chatBar_moreSelected.png in Resources */,
				E9E118FD22E49E6C00657309 /* chatBar_more@3x.png in Resources */,
				E9E1190722E49E6C00657309 /* chatBar_keyboard@2x.png in Resources */,
				E9E1190522E49E6C00657309 /* netAddressBackspace@2x.png in Resources */,
				E9E1190922E49E6C00657309 /* chatBar_keyboard@3x.png in Resources */,
				E9E118BA22E49B6000657309 /* Assets.xcassets in Resources */,
				E9E118C722E49B7200657309 /* Podfile in Resources */,
				E9E1190622E49E6C00657309 /* chatBar_moreSelected@2x.png in Resources */,
				E9E1190222E49E6C00657309 /* chatBar_keyboardSelected.png in Resources */,
			);
			runOnlyForDeploymentPostprocessing = 0;
		};
/* End PBXResourcesBuildPhase section */

/* Begin PBXShellScriptBuildPhase section */
		1FFA7EFB5C3E9828E7113A0A /* [CP] Embed Pods Frameworks */ = {
			isa = PBXShellScriptBuildPhase;
			buildActionMask = 2147483647;
			files = (
			);
			inputFileListPaths = (
				"${PODS_ROOT}/Target Support Files/Pods-HJBleDemo/Pods-HJBleDemo-frameworks-${CONFIGURATION}-input-files.xcfilelist",
			);
			name = "[CP] Embed Pods Frameworks";
			outputFileListPaths = (
				"${PODS_ROOT}/Target Support Files/Pods-HJBleDemo/Pods-HJBleDemo-frameworks-${CONFIGURATION}-output-files.xcfilelist",
			);
			runOnlyForDeploymentPostprocessing = 0;
			shellPath = /bin/sh;
			shellScript = "\"${PODS_ROOT}/Target Support Files/Pods-HJBleDemo/Pods-HJBleDemo-frameworks.sh\"\n";
			showEnvVarsInLog = 0;
		};
		386E8139637E643BF0EAB01D /* [CP] Check Pods Manifest.lock */ = {
			isa = PBXShellScriptBuildPhase;
			buildActionMask = 2147483647;
			files = (
			);
			inputFileListPaths = (
			);
			inputPaths = (
				"${PODS_PODFILE_DIR_PATH}/Podfile.lock",
				"${PODS_ROOT}/Manifest.lock",
			);
			name = "[CP] Check Pods Manifest.lock";
			outputFileListPaths = (
			);
			outputPaths = (
				"$(DERIVED_FILE_DIR)/Pods-HJBleDemo-checkManifestLockResult.txt",
			);
			runOnlyForDeploymentPostprocessing = 0;
			shellPath = /bin/sh;
			shellScript = "diff \"${PODS_PODFILE_DIR_PATH}/Podfile.lock\" \"${PODS_ROOT}/Manifest.lock\" > /dev/null\nif [ $? != 0 ] ; then\n    # print error to STDERR\n    echo \"error: The sandbox is not in sync with the Podfile.lock. Run 'pod install' or update your CocoaPods installation.\" >&2\n    exit 1\nfi\n# This output is used by Xcode 'outputs' to avoid re-running this script phase.\necho \"SUCCESS\" > \"${SCRIPT_OUTPUT_FILE_0}\"\n";
			showEnvVarsInLog = 0;
		};
/* End PBXShellScriptBuildPhase section */

/* Begin PBXSourcesBuildPhase section */
		E9E118A922E49B5F00657309 /* Sources */ = {
			isa = PBXSourcesBuildPhase;
			buildActionMask = 2147483647;
			files = (
				E9E118F822E49E6C00657309 /* BleSendReceiveTableViewCell.m in Sources */,
				E9B031D8241A59C7002E35F4 /* HJScanTableViewCell.m in Sources */,
				E944B39A22E74340007A358B /* PopoverView.m in Sources */,
				E944B39B22E74340007A358B /* PopoverViewCell.m in Sources */,
				E944B39922E74340007A358B /* PopoverAction.m in Sources */,
				E9E118F422E49E6C00657309 /* ScanViewController.m in Sources */,
				E9E118F522E49E6C00657309 /* BleViewController.m in Sources */,
				E9E118F622E49E6C00657309 /* BleSendReceiveData.m in Sources */,
				E9E1190E22E49FE700657309 /* HJConfigInfo.m in Sources */,
				E9E118F922E49E6C00657309 /* XHMessageTextView.m in Sources */,
				E9E118C022E49B6000657309 /* main.m in Sources */,
				E9E118F722E49E6C00657309 /* HJBleScanData.m in Sources */,
				5DFB04FA27F4908100E5D8B7 /* BleServiceConfigViewController.m in Sources */,
				E9E118FB22E49E6C00657309 /* DXFaceView.m in Sources */,
				5DFB04F727F4816D00E5D8B7 /* AppConfigSetViewController.m in Sources */,
				E9E118B222E49B5F00657309 /* AppDelegate.m in Sources */,
				E9E118FA22E49E6C00657309 /* FacialView.m in Sources */,
				E9E1190A22E49E6C00657309 /* DXMessageToolBar.m in Sources */,
				E944B39122E73A79007A358B /* SetViewController.m in Sources */,
				E96BC9B724283C0700F5888A /* WWAlertView.m in Sources */,
			);
			runOnlyForDeploymentPostprocessing = 0;
		};
/* End PBXSourcesBuildPhase section */

/* Begin PBXVariantGroup section */
		E9E118BB22E49B6000657309 /* LaunchScreen.storyboard */ = {
			isa = PBXVariantGroup;
			children = (
				E9E118BC22E49B6000657309 /* Base */,
			);
			name = LaunchScreen.storyboard;
			sourceTree = "<group>";
		};
/* End PBXVariantGroup section */

/* Begin XCBuildConfiguration section */
		E9E118C122E49B6000657309 /* Debug */ = {
			isa = XCBuildConfiguration;
			buildSettings = {
				ALWAYS_SEARCH_USER_PATHS = NO;
				CLANG_ANALYZER_NONNULL = YES;
				CLANG_ANALYZER_NUMBER_OBJECT_CONVERSION = YES_AGGRESSIVE;
				CLANG_CXX_LANGUAGE_STANDARD = "gnu++14";
				CLANG_CXX_LIBRARY = "libc++";
				CLANG_ENABLE_MODULES = YES;
				CLANG_ENABLE_OBJC_ARC = YES;
				CLANG_ENABLE_OBJC_WEAK = YES;
				CLANG_WARN_BLOCK_CAPTURE_AUTORELEASING = YES;
				CLANG_WARN_BOOL_CONVERSION = YES;
				CLANG_WARN_COMMA = YES;
				CLANG_WARN_CONSTANT_CONVERSION = YES;
				CLANG_WARN_DEPRECATED_OBJC_IMPLEMENTATIONS = YES;
				CLANG_WARN_DIRECT_OBJC_ISA_USAGE = YES_ERROR;
				CLANG_WARN_DOCUMENTATION_COMMENTS = YES;
				CLANG_WARN_EMPTY_BODY = YES;
				CLANG_WARN_ENUM_CONVERSION = YES;
				CLANG_WARN_INFINITE_RECURSION = YES;
				CLANG_WARN_INT_CONVERSION = YES;
				CLANG_WARN_NON_LITERAL_NULL_CONVERSION = YES;
				CLANG_WARN_OBJC_IMPLICIT_RETAIN_SELF = YES;
				CLANG_WARN_OBJC_LITERAL_CONVERSION = YES;
				CLANG_WARN_OBJC_ROOT_CLASS = YES_ERROR;
				CLANG_WARN_QUOTED_INCLUDE_IN_FRAMEWORK_HEADER = YES;
				CLANG_WARN_RANGE_LOOP_ANALYSIS = YES;
				CLANG_WARN_STRICT_PROTOTYPES = YES;
				CLANG_WARN_SUSPICIOUS_MOVE = YES;
				CLANG_WARN_UNGUARDED_AVAILABILITY = YES_AGGRESSIVE;
				CLANG_WARN_UNREACHABLE_CODE = YES;
				CLANG_WARN__DUPLICATE_METHOD_MATCH = YES;
				CODE_SIGN_IDENTITY = "iPhone Developer";
				COPY_PHASE_STRIP = NO;
				DEBUG_INFORMATION_FORMAT = dwarf;
				ENABLE_STRICT_OBJC_MSGSEND = YES;
				ENABLE_TESTABILITY = YES;
				GCC_C_LANGUAGE_STANDARD = gnu11;
				GCC_DYNAMIC_NO_PIC = NO;
				GCC_NO_COMMON_BLOCKS = YES;
				GCC_OPTIMIZATION_LEVEL = 0;
				GCC_PREPROCESSOR_DEFINITIONS = (
					"DEBUG=1",
					"$(inherited)",
				);
				GCC_WARN_64_TO_32_BIT_CONVERSION = YES;
				GCC_WARN_ABOUT_RETURN_TYPE = YES_ERROR;
				GCC_WARN_UNDECLARED_SELECTOR = YES;
				GCC_WARN_UNINITIALIZED_AUTOS = YES_AGGRESSIVE;
				GCC_WARN_UNUSED_FUNCTION = YES;
				GCC_WARN_UNUSED_VARIABLE = YES;
				IPHONEOS_DEPLOYMENT_TARGET = 12.2;
				MTL_ENABLE_DEBUG_INFO = INCLUDE_SOURCE;
				MTL_FAST_MATH = YES;
				ONLY_ACTIVE_ARCH = YES;
				SDKROOT = iphoneos;
			};
			name = Debug;
		};
		E9E118C222E49B6000657309 /* Release */ = {
			isa = XCBuildConfiguration;
			buildSettings = {
				ALWAYS_SEARCH_USER_PATHS = NO;
				CLANG_ANALYZER_NONNULL = YES;
				CLANG_ANALYZER_NUMBER_OBJECT_CONVERSION = YES_AGGRESSIVE;
				CLANG_CXX_LANGUAGE_STANDARD = "gnu++14";
				CLANG_CXX_LIBRARY = "libc++";
				CLANG_ENABLE_MODULES = YES;
				CLANG_ENABLE_OBJC_ARC = YES;
				CLANG_ENABLE_OBJC_WEAK = YES;
				CLANG_WARN_BLOCK_CAPTURE_AUTORELEASING = YES;
				CLANG_WARN_BOOL_CONVERSION = YES;
				CLANG_WARN_COMMA = YES;
				CLANG_WARN_CONSTANT_CONVERSION = YES;
				CLANG_WARN_DEPRECATED_OBJC_IMPLEMENTATIONS = YES;
				CLANG_WARN_DIRECT_OBJC_ISA_USAGE = YES_ERROR;
				CLANG_WARN_DOCUMENTATION_COMMENTS = YES;
				CLANG_WARN_EMPTY_BODY = YES;
				CLANG_WARN_ENUM_CONVERSION = YES;
				CLANG_WARN_INFINITE_RECURSION = YES;
				CLANG_WARN_INT_CONVERSION = YES;
				CLANG_WARN_NON_LITERAL_NULL_CONVERSION = YES;
				CLANG_WARN_OBJC_IMPLICIT_RETAIN_SELF = YES;
				CLANG_WARN_OBJC_LITERAL_CONVERSION = YES;
				CLANG_WARN_OBJC_ROOT_CLASS = YES_ERROR;
				CLANG_WARN_QUOTED_INCLUDE_IN_FRAMEWORK_HEADER = YES;
				CLANG_WARN_RANGE_LOOP_ANALYSIS = YES;
				CLANG_WARN_STRICT_PROTOTYPES = YES;
				CLANG_WARN_SUSPICIOUS_MOVE = YES;
				CLANG_WARN_UNGUARDED_AVAILABILITY = YES_AGGRESSIVE;
				CLANG_WARN_UNREACHABLE_CODE = YES;
				CLANG_WARN__DUPLICATE_METHOD_MATCH = YES;
				CODE_SIGN_IDENTITY = "iPhone Developer";
				COPY_PHASE_STRIP = NO;
				DEBUG_INFORMATION_FORMAT = "dwarf-with-dsym";
				ENABLE_NS_ASSERTIONS = NO;
				ENABLE_STRICT_OBJC_MSGSEND = YES;
				GCC_C_LANGUAGE_STANDARD = gnu11;
				GCC_NO_COMMON_BLOCKS = YES;
				GCC_WARN_64_TO_32_BIT_CONVERSION = YES;
				GCC_WARN_ABOUT_RETURN_TYPE = YES_ERROR;
				GCC_WARN_UNDECLARED_SELECTOR = YES;
				GCC_WARN_UNINITIALIZED_AUTOS = YES_AGGRESSIVE;
				GCC_WARN_UNUSED_FUNCTION = YES;
				GCC_WARN_UNUSED_VARIABLE = YES;
				IPHONEOS_DEPLOYMENT_TARGET = 12.2;
				MTL_ENABLE_DEBUG_INFO = NO;
				MTL_FAST_MATH = YES;
				SDKROOT = iphoneos;
				VALIDATE_PRODUCT = YES;
			};
			name = Release;
		};
		E9E118C422E49B6000657309 /* Debug */ = {
			isa = XCBuildConfiguration;
			baseConfigurationReference = F7D9B5BDF994AC2421779CE9 /* Pods-HJBleDemo.debug.xcconfig */;
			buildSettings = {
				ASSETCATALOG_COMPILER_APPICON_NAME = AppIcon;
				CODE_SIGN_ENTITLEMENTS = HJBleDemo/HJBleDemo.entitlements;
				CODE_SIGN_STYLE = Automatic;
				CURRENT_PROJECT_VERSION = 4;
				DEVELOPMENT_TEAM = HGKNXNFB8W;
				INFOPLIST_FILE = HJBleDemo/Info.plist;
				IPHONEOS_DEPLOYMENT_TARGET = 9.0;
				LD_RUNPATH_SEARCH_PATHS = (
					"$(inherited)",
					"@executable_path/Frameworks",
				);
				MARKETING_VERSION = 4.1.0;
				PRODUCT_BUNDLE_IDENTIFIER = com.hongjia.HJBle;
				PRODUCT_NAME = HJBle;
				SUPPORTS_MACCATALYST = YES;
				TARGETED_DEVICE_FAMILY = "1,2";
			};
			name = Debug;
		};
		E9E118C522E49B6000657309 /* Release */ = {
			isa = XCBuildConfiguration;
			baseConfigurationReference = 1117F08FFA5E0EA3524D2163 /* Pods-HJBleDemo.release.xcconfig */;
			buildSettings = {
				ASSETCATALOG_COMPILER_APPICON_NAME = AppIcon;
				CODE_SIGN_ENTITLEMENTS = HJBleDemo/HJBleDemo.entitlements;
				CODE_SIGN_STYLE = Automatic;
				CURRENT_PROJECT_VERSION = 4;
				DEVELOPMENT_TEAM = HGKNXNFB8W;
				INFOPLIST_FILE = HJBleDemo/Info.plist;
				IPHONEOS_DEPLOYMENT_TARGET = 9.0;
				LD_RUNPATH_SEARCH_PATHS = (
					"$(inherited)",
					"@executable_path/Frameworks",
				);
				MARKETING_VERSION = 4.1.0;
				PRODUCT_BUNDLE_IDENTIFIER = com.hongjia.HJBle;
				PRODUCT_NAME = HJBle;
				SUPPORTS_MACCATALYST = YES;
				TARGETED_DEVICE_FAMILY = "1,2";
			};
			name = Release;
		};
/* End XCBuildConfiguration section */

/* Begin XCConfigurationList section */
		E9E118A822E49B5F00657309 /* Build configuration list for PBXProject "HJBleDemo" */ = {
			isa = XCConfigurationList;
			buildConfigurations = (
				E9E118C122E49B6000657309 /* Debug */,
				E9E118C222E49B6000657309 /* Release */,
			);
			defaultConfigurationIsVisible = 0;
			defaultConfigurationName = Release;
		};
		E9E118C322E49B6000657309 /* Build configuration list for PBXNativeTarget "HJBleDemo" */ = {
			isa = XCConfigurationList;
			buildConfigurations = (
				E9E118C422E49B6000657309 /* Debug */,
				E9E118C522E49B6000657309 /* Release */,
			);
			defaultConfigurationIsVisible = 0;
			defaultConfigurationName = Release;
		};
/* End XCConfigurationList section */
	};
	rootObject = E9E118A522E49B5F00657309 /* Project object */;
}
